{
  "meteor": {},
  "dependencies": {
    "basePackages": {
      "bootstrap-3": {},
      "bootstrap3-less": {},
      "impicker": {}
    },
    "packages": {
      "bootstrap-3": {
        "git": "https://github.com/mangasocial/meteor-bootstrap-3.git",
        "tag": "v3.1.0-1",
        "commit": "329dccb08bfc18c635676dea600ac9953162cda9"
      },
      "bootstrap3-less": {
        "git": "https://github.com/eprochasson/bootstrap3-less",
        "tag": "v0.1.8",
        "commit": "48b6db4435d9f01a1fcfe694a180b38e8e38835b"
      },
      "impicker": {
        "git": "https://github.com/wulx/impicker.git",
        "tag": "v1.2.0",
        "commit": "29a7a52d27b2cf8447fc24946b0fdbf60c4b12a6"
      }
    }
  }
}
